
Microsoft Visual Studio Solution File, Format Version 12.00
# Visual Studio Version 17
VisualStudioVersion = 17.10.34607.79
MinimumVisualStudioVersion = 10.0.40219.1
Project("{FAE04EC0-301F-11D3-BF4B-00C04F79EFBC}") = "BlazorApp_kezdes_Razso", "BlazorApp_kezdes_Razso\BlazorApp_kezdes_Razso.csproj", "{6C4E7F53-4B32-485B-AC6F-73991C29EC14}"
EndProject
Global
	GlobalSection(SolutionConfigurationPlatforms) = preSolution
		Debug|Any CPU = Debug|Any CPU
		Release|Any CPU = Release|Any CPU
	EndGlobalSection
	GlobalSection(ProjectConfigurationPlatforms) = postSolution
		{6C4E7F53-4B32-485B-AC6F-73991C29EC14}.Debug|Any CPU.ActiveCfg = Debug|Any CPU
		{6C4E7F53-4B32-485B-AC6F-73991C29EC14}.Debug|Any CPU.Build.0 = Debug|Any CPU
		{6C4E7F53-4B32-485B-AC6F-73991C29EC14}.Release|Any CPU.ActiveCfg = Release|Any CPU
		{6C4E7F53-4B32-485B-AC6F-73991C29EC14}.Release|Any CPU.Build.0 = Release|Any CPU
	EndGlobalSection
	GlobalSection(SolutionProperties) = preSolution
		HideSolutionNode = FALSE
	EndGlobalSection
	GlobalSection(ExtensibilityGlobals) = postSolution
		SolutionGuid = {2E7CB889-C712-4781-AB28-99F53E95C6A6}
	EndGlobalSection
EndGlobal
